
Microsoft Visual Studio Solution File, Format Version 9.00
# Visual Studio 2005
Project("{2150E333-8FDC-42A3-9474-1A3956D46DE8}") = "Common", "Common", "{BFE450D5-25E7-44B5-9305-67590AFAA94E}"
EndProject
Project("{FAE04EC0-301F-11D3-BF4B-00C04F79EFBC}") = "Com", "COM\Com.csproj", "{992378C3-66A1-4E98-96F5-CE2B26E0CAB2}"
EndProject
Project("{FAE04EC0-301F-11D3-BF4B-00C04F79EFBC}") = "ERP", "ERP\ERP.csproj", "{53F29353-58C1-4EFF-AC77-78853812A2D5}"
	ProjectSection(ProjectDependencies) = postProject
		{7EDD1127-0A21-4B58-A3A8-8BC506D437FD} = {7EDD1127-0A21-4B58-A3A8-8BC506D437FD}
		{2882212C-9D7E-41F0-9AB2-77F38CD7AFD9} = {2882212C-9D7E-41F0-9AB2-77F38CD7AFD9}
		{5B505EF8-F8D3-4337-BAC8-5DC2FBC74ADF} = {5B505EF8-F8D3-4337-BAC8-5DC2FBC74ADF}
	EndProjectSection
EndProject
Project("{2150E333-8FDC-42A3-9474-1A3956D46DE8}") = "VJ_Common", "VJ_Common", "{9B38742F-AF9A-4423-9C22-EA36ACF1A075}"
EndProject
Project("{FAE04EC0-301F-11D3-BF4B-00C04F79EFBC}") = "FlexVJ_Common", "FlexVJ_Common\FlexVJ_Common.csproj", "{5B505EF8-F8D3-4337-BAC8-5DC2FBC74ADF}"
	ProjectSection(ProjectDependencies) = postProject
		{7EDD1127-0A21-4B58-A3A8-8BC506D437FD} = {7EDD1127-0A21-4B58-A3A8-8BC506D437FD}
	EndProjectSection
EndProject
Project("{2150E333-8FDC-42A3-9474-1A3956D46DE8}") = "SQM", "SQM", "{D8F3CED8-C880-4A7D-87D7-534AE0F435D4}"
EndProject
Project("{FAE04EC0-301F-11D3-BF4B-00C04F79EFBC}") = "FlexSQM", "FlexSQM\FlexSQM.csproj", "{2882212C-9D7E-41F0-9AB2-77F38CD7AFD9}"
EndProject
Project("{2150E333-8FDC-42A3-9474-1A3956D46DE8}") = "Material", "Material", "{2F90FB56-EBD5-485D-98C1-043FB84F5EB2}"
EndProject
Project("{FAE04EC0-301F-11D3-BF4B-00C04F79EFBC}") = "FlexBase", "FlexBase\FlexBase.csproj", "{7EDD1127-0A21-4B58-A3A8-8BC506D437FD}"
EndProject
Global
	GlobalSection(SolutionConfigurationPlatforms) = preSolution
		Debug|Any CPU = Debug|Any CPU
		Release|Any CPU = Release|Any CPU
	EndGlobalSection
	GlobalSection(ProjectConfigurationPlatforms) = postSolution
		{992378C3-66A1-4E98-96F5-CE2B26E0CAB2}.Debug|Any CPU.ActiveCfg = Debug|Any CPU
		{992378C3-66A1-4E98-96F5-CE2B26E0CAB2}.Debug|Any CPU.Build.0 = Debug|Any CPU
		{992378C3-66A1-4E98-96F5-CE2B26E0CAB2}.Release|Any CPU.ActiveCfg = Release|Any CPU
		{992378C3-66A1-4E98-96F5-CE2B26E0CAB2}.Release|Any CPU.Build.0 = Release|Any CPU
		{53F29353-58C1-4EFF-AC77-78853812A2D5}.Debug|Any CPU.ActiveCfg = Debug|Any CPU
		{53F29353-58C1-4EFF-AC77-78853812A2D5}.Debug|Any CPU.Build.0 = Debug|Any CPU
		{53F29353-58C1-4EFF-AC77-78853812A2D5}.Release|Any CPU.ActiveCfg = Release|Any CPU
		{53F29353-58C1-4EFF-AC77-78853812A2D5}.Release|Any CPU.Build.0 = Release|Any CPU
		{5B505EF8-F8D3-4337-BAC8-5DC2FBC74ADF}.Debug|Any CPU.ActiveCfg = Debug|Any CPU
		{5B505EF8-F8D3-4337-BAC8-5DC2FBC74ADF}.Debug|Any CPU.Build.0 = Debug|Any CPU
		{5B505EF8-F8D3-4337-BAC8-5DC2FBC74ADF}.Release|Any CPU.ActiveCfg = Release|Any CPU
		{5B505EF8-F8D3-4337-BAC8-5DC2FBC74ADF}.Release|Any CPU.Build.0 = Release|Any CPU
		{2882212C-9D7E-41F0-9AB2-77F38CD7AFD9}.Debug|Any CPU.ActiveCfg = Debug|Any CPU
		{2882212C-9D7E-41F0-9AB2-77F38CD7AFD9}.Debug|Any CPU.Build.0 = Debug|Any CPU
		{2882212C-9D7E-41F0-9AB2-77F38CD7AFD9}.Release|Any CPU.ActiveCfg = Release|Any CPU
		{2882212C-9D7E-41F0-9AB2-77F38CD7AFD9}.Release|Any CPU.Build.0 = Release|Any CPU
		{7EDD1127-0A21-4B58-A3A8-8BC506D437FD}.Debug|Any CPU.ActiveCfg = Debug|Any CPU
		{7EDD1127-0A21-4B58-A3A8-8BC506D437FD}.Release|Any CPU.ActiveCfg = Release|Any CPU
		{7EDD1127-0A21-4B58-A3A8-8BC506D437FD}.Release|Any CPU.Build.0 = Release|Any CPU
	EndGlobalSection
	GlobalSection(SolutionProperties) = preSolution
		HideSolutionNode = FALSE
	EndGlobalSection
	GlobalSection(NestedProjects) = preSolution
		{992378C3-66A1-4E98-96F5-CE2B26E0CAB2} = {BFE450D5-25E7-44B5-9305-67590AFAA94E}
		{53F29353-58C1-4EFF-AC77-78853812A2D5} = {BFE450D5-25E7-44B5-9305-67590AFAA94E}
		{5B505EF8-F8D3-4337-BAC8-5DC2FBC74ADF} = {9B38742F-AF9A-4423-9C22-EA36ACF1A075}
		{2882212C-9D7E-41F0-9AB2-77F38CD7AFD9} = {D8F3CED8-C880-4A7D-87D7-534AE0F435D4}
		{7EDD1127-0A21-4B58-A3A8-8BC506D437FD} = {2F90FB56-EBD5-485D-98C1-043FB84F5EB2}
	EndGlobalSection
EndGlobal
